{
  "object": {
    "pins": [
      {
        "package": "MockKit",
        "repositoryURL": "https://github.com/muukii/MockKit.git",
        "state": {
          "branch": "main",
          "revision": "facff4540318d08f5f00c2b363abc640be3452f8",
          "version": null
        }
      },
      {
        "package": "MondrianLayout",
        "repositoryURL": "https://github.com/muukii/MondrianLayout.git",
        "state": {
          "branch": null,
          "revision": "45e8051dcd4bc0949a169e4214fafc0dbde66e50",
          "version": "0.8.0"
        }
      },
      {
        "package": "Ne",
        "repositoryURL": "https://github.com/muukii/Ne.git",
        "state": {
          "branch": null,
          "revision": "6555f94596b634c14bd0818265ef8c86bb3005f3",
          "version": "1.0.1"
        }
      },
      {
        "package": "Storybook",
        "repositoryURL": "git@github.com:eure/Storybook-ios.git",
        "state": {
          "branch": null,
          "revision": "e15ea90fd59c8351e9742b2b8837d05ed462bd74",
          "version": "1.8.1"
        }
      },
      {
        "package": "Wrap",
        "repositoryURL": "https://github.com/VergeGroup/Wrap.git",
        "state": {
          "branch": "main",
          "revision": "68191d84e48723cb5cd9f6432862b9f22438b0a2",
          "version": null
        }
      }
    ]
  },
  "version": 1
}
