{
  "object": {
    "pins": [
      {
        "package": "MondrianLayout",
        "repositoryURL": "https://github.com/muukii/MondrianLayout.git",
        "state": {
          "branch": null,
          "revision": "ff3e642aeb95ffc6e494474b63403b99cccd6c8c",
          "version": "0.5.0"
        }
      }
    ]
  },
  "version": 1
}
