{
  "object": {
    "pins": [
      {
        "package": "MockKit",
        "repositoryURL": "https://github.com/muukii/MockKit.git",
        "state": {
          "branch": "main",
          "revision": "facff4540318d08f5f00c2b363abc640be3452f8",
          "version": null
        }
      },
      {
        "package": "MondrianLayout",
        "repositoryURL": "https://github.com/muukii/MondrianLayout.git",
        "state": {
          "branch": null,
          "revision": "239bc0b02b8abbc211720476d1554b736832bb9c",
          "version": "0.9.0"
        }
      },
      {
        "package": "Ne",
        "repositoryURL": "https://github.com/muukii/Ne.git",
        "state": {
          "branch": null,
          "revision": "6555f94596b634c14bd0818265ef8c86bb3005f3",
          "version": "1.0.1"
        }
      },
      {
        "package": "RxSwift",
        "repositoryURL": "https://github.com/ReactiveX/RxSwift.git",
        "state": {
          "branch": null,
          "revision": "7c17a6ccca06b5c107cfa4284e634562ddaf5951",
          "version": "6.2.0"
        }
      },
      {
        "package": "Storybook",
        "repositoryURL": "https://github.com/eure/Storybook-ios",
        "state": {
          "branch": "main",
          "revision": "70289c7cc2c1d05fce7312de6b5ac06d375b2c9e",
          "version": null
        }
      },
      {
        "package": "Verge",
        "repositoryURL": "https://github.com/VergeGroup/Verge",
        "state": {
          "branch": null,
          "revision": "14be6e6bf222d3acb9350ab4df2ea87fe33def05",
          "version": "8.14.0"
        }
      },
      {
        "package": "Wrap",
        "repositoryURL": "https://github.com/VergeGroup/Wrap.git",
        "state": {
          "branch": "main",
          "revision": "68191d84e48723cb5cd9f6432862b9f22438b0a2",
          "version": null
        }
      }
    ]
  },
  "version": 1
}
