// !$*UTF8*$!
{
	archiveVersion = 1;
	classes = {
	};
	objectVersion = 55;
	objects = {

/* Begin PBXBuildFile section */
		4B618C2B277062EF000EA3A4 /* Book.NavigationHostingView.swift in Sources */ = {isa = PBXBuildFile; fileRef = 4B618C2A277062EF000EA3A4 /* Book.NavigationHostingView.swift */; };
		4B70998D2856EB7B00BAE257 /* StorybookKit in Frameworks */ = {isa = PBXBuildFile; productRef = 4B70998C2856EB7B00BAE257 /* StorybookKit */; };
		4B70998F2856EB7B00BAE257 /* StorybookUI in Frameworks */ = {isa = PBXBuildFile; productRef = 4B70998E2856EB7B00BAE257 /* StorybookUI */; };
		4B7803C12780455300436AAB /* CompositionKit in Frameworks */ = {isa = PBXBuildFile; productRef = 4B7803C02780455300436AAB /* CompositionKit */; };
		4B959B092764F77E0003FFB6 /* AppDelegate.swift in Sources */ = {isa = PBXBuildFile; fileRef = 4B959B082764F77E0003FFB6 /* AppDelegate.swift */; };
		4B959B0D2764F77E0003FFB6 /* ViewController.swift in Sources */ = {isa = PBXBuildFile; fileRef = 4B959B0C2764F77E0003FFB6 /* ViewController.swift */; };
		4B959B122764F77F0003FFB6 /* Assets.xcassets in Resources */ = {isa = PBXBuildFile; fileRef = 4B959B112764F77F0003FFB6 /* Assets.xcassets */; };
		4B959B152764F77F0003FFB6 /* LaunchScreen.storyboard in Resources */ = {isa = PBXBuildFile; fileRef = 4B959B132764F77F0003FFB6 /* LaunchScreen.storyboard */; };
		4B959B202764F8200003FFB6 /* Book.swift in Sources */ = {isa = PBXBuildFile; fileRef = 4B959B1F2764F8200003FFB6 /* Book.swift */; };
		4B959B222764F8300003FFB6 /* RootContainerViewController.swift in Sources */ = {isa = PBXBuildFile; fileRef = 4B959B212764F8300003FFB6 /* RootContainerViewController.swift */; };
		4BC61D2628523B3C00354E61 /* Book.HostingView.swift in Sources */ = {isa = PBXBuildFile; fileRef = 4BC61D2528523B3C00354E61 /* Book.HostingView.swift */; };
		4BEF735D2859BBB100A36665 /* Book.DynamicAnimator.swift in Sources */ = {isa = PBXBuildFile; fileRef = 4BEF735C2859BBB100A36665 /* Book.DynamicAnimator.swift */; };
		4BF0DA292770733B007AA8F4 /* MockKit in Frameworks */ = {isa = PBXBuildFile; productRef = 4BF0DA282770733B007AA8F4 /* MockKit */; };
		4BF0DA2C277073D8007AA8F4 /* Ne in Frameworks */ = {isa = PBXBuildFile; productRef = 4BF0DA2B277073D8007AA8F4 /* Ne */; };
		4BF6ED602770692600E39ABC /* Wrap in Frameworks */ = {isa = PBXBuildFile; productRef = 4BF6ED5F2770692600E39ABC /* Wrap */; };
		4BF6ED6227706EE000E39ABC /* UIControl+Closure.swift in Sources */ = {isa = PBXBuildFile; fileRef = 4BF6ED6127706EE000E39ABC /* UIControl+Closure.swift */; };
/* End PBXBuildFile section */

/* Begin PBXFileReference section */
		4B618C2A277062EF000EA3A4 /* Book.NavigationHostingView.swift */ = {isa = PBXFileReference; lastKnownFileType = sourcecode.swift; path = Book.NavigationHostingView.swift; sourceTree = "<group>"; };
		4B959B062764F77E0003FFB6 /* CompositionKit-Demo.app */ = {isa = PBXFileReference; explicitFileType = wrapper.application; includeInIndex = 0; path = "CompositionKit-Demo.app"; sourceTree = BUILT_PRODUCTS_DIR; };
		4B959B082764F77E0003FFB6 /* AppDelegate.swift */ = {isa = PBXFileReference; lastKnownFileType = sourcecode.swift; path = AppDelegate.swift; sourceTree = "<group>"; };
		4B959B0C2764F77E0003FFB6 /* ViewController.swift */ = {isa = PBXFileReference; lastKnownFileType = sourcecode.swift; path = ViewController.swift; sourceTree = "<group>"; };
		4B959B112764F77F0003FFB6 /* Assets.xcassets */ = {isa = PBXFileReference; lastKnownFileType = folder.assetcatalog; path = Assets.xcassets; sourceTree = "<group>"; };
		4B959B142764F77F0003FFB6 /* Base */ = {isa = PBXFileReference; lastKnownFileType = file.storyboard; name = Base; path = Base.lproj/LaunchScreen.storyboard; sourceTree = "<group>"; };
		4B959B1F2764F8200003FFB6 /* Book.swift */ = {isa = PBXFileReference; lastKnownFileType = sourcecode.swift; path = Book.swift; sourceTree = "<group>"; };
		4B959B212764F8300003FFB6 /* RootContainerViewController.swift */ = {isa = PBXFileReference; lastKnownFileType = sourcecode.swift; path = RootContainerViewController.swift; sourceTree = "<group>"; };
		4BBBC6492780450200973154 /*  */ = {isa = PBXFileReference; lastKnownFileType = wrapper; name = ""; sourceTree = "<group>"; };
		4BC61D2528523B3C00354E61 /* Book.HostingView.swift */ = {isa = PBXFileReference; lastKnownFileType = sourcecode.swift; path = Book.HostingView.swift; sourceTree = "<group>"; };
		4BEF735C2859BBB100A36665 /* Book.DynamicAnimator.swift */ = {isa = PBXFileReference; lastKnownFileType = sourcecode.swift; path = Book.DynamicAnimator.swift; sourceTree = "<group>"; };
		4BF59288278D43F6003CC4BA /* Descriptors */ = {isa = PBXFileReference; lastKnownFileType = wrapper; name = Descriptors; path = submodules/Descriptors; sourceTree = "<group>"; };
		4BF6ED6127706EE000E39ABC /* UIControl+Closure.swift */ = {isa = PBXFileReference; lastKnownFileType = sourcecode.swift; path = "UIControl+Closure.swift"; sourceTree = "<group>"; };
/* End PBXFileReference section */

/* Begin PBXFrameworksBuildPhase section */
		4B959B032764F77E0003FFB6 /* Frameworks */ = {
			isa = PBXFrameworksBuildPhase;
			buildActionMask = 2147483647;
			files = (
				4BF0DA292770733B007AA8F4 /* MockKit in Frameworks */,
				4BF0DA2C277073D8007AA8F4 /* Ne in Frameworks */,
				4BF6ED602770692600E39ABC /* Wrap in Frameworks */,
				4B7803C12780455300436AAB /* CompositionKit in Frameworks */,
				4B70998F2856EB7B00BAE257 /* StorybookUI in Frameworks */,
				4B70998D2856EB7B00BAE257 /* StorybookKit in Frameworks */,
			);
			runOnlyForDeploymentPostprocessing = 0;
		};
/* End PBXFrameworksBuildPhase section */

/* Begin PBXGroup section */
		4B959AEE2764F7180003FFB6 = {
			isa = PBXGroup;
			children = (
				4BBBC6482780450200973154 /* Packages */,
				4B959B072764F77E0003FFB6 /* CompositionKit-Demo */,
				4B959AF92764F7180003FFB6 /* Products */,
				4BFEEB502785E4CC0058FEEA /* Frameworks */,
			);
			sourceTree = "<group>";
		};
		4B959AF92764F7180003FFB6 /* Products */ = {
			isa = PBXGroup;
			children = (
				4B959B062764F77E0003FFB6 /* CompositionKit-Demo.app */,
			);
			name = Products;
			sourceTree = "<group>";
		};
		4B959B072764F77E0003FFB6 /* CompositionKit-Demo */ = {
			isa = PBXGroup;
			children = (
				4BF6ED6127706EE000E39ABC /* UIControl+Closure.swift */,
				4B959B082764F77E0003FFB6 /* AppDelegate.swift */,
				4B959B1F2764F8200003FFB6 /* Book.swift */,
				4BEF735C2859BBB100A36665 /* Book.DynamicAnimator.swift */,
				4BC61D2528523B3C00354E61 /* Book.HostingView.swift */,
				4B618C2A277062EF000EA3A4 /* Book.NavigationHostingView.swift */,
				4B959B212764F8300003FFB6 /* RootContainerViewController.swift */,
				4B959B0C2764F77E0003FFB6 /* ViewController.swift */,
				4B959B112764F77F0003FFB6 /* Assets.xcassets */,
				4B959B132764F77F0003FFB6 /* LaunchScreen.storyboard */,
			);
			path = "CompositionKit-Demo";
			sourceTree = "<group>";
		};
		4BBBC6482780450200973154 /* Packages */ = {
			isa = PBXGroup;
			children = (
				4BBBC6492780450200973154 /*  */,
				4BF59288278D43F6003CC4BA /* Descriptors */,
			);
			name = Packages;
			sourceTree = "<group>";
		};
		4BFEEB502785E4CC0058FEEA /* Frameworks */ = {
			isa = PBXGroup;
			children = (
			);
			name = Frameworks;
			sourceTree = "<group>";
		};
/* End PBXGroup section */

/* Begin PBXNativeTarget section */
		4B959B052764F77E0003FFB6 /* CompositionKit-Demo */ = {
			isa = PBXNativeTarget;
			buildConfigurationList = 4B959B172764F77F0003FFB6 /* Build configuration list for PBXNativeTarget "CompositionKit-Demo" */;
			buildPhases = (
				4B959B022764F77E0003FFB6 /* Sources */,
				4B959B032764F77E0003FFB6 /* Frameworks */,
				4B959B042764F77E0003FFB6 /* Resources */,
			);
			buildRules = (
			);
			dependencies = (
			);
			name = "CompositionKit-Demo";
			packageProductDependencies = (
				4BF6ED5F2770692600E39ABC /* Wrap */,
				4BF0DA282770733B007AA8F4 /* MockKit */,
				4BF0DA2B277073D8007AA8F4 /* Ne */,
				4B7803C02780455300436AAB /* CompositionKit */,
				4B70998C2856EB7B00BAE257 /* StorybookKit */,
				4B70998E2856EB7B00BAE257 /* StorybookUI */,
			);
			productName = "FluidUIKit-Demo";
			productReference = 4B959B062764F77E0003FFB6 /* CompositionKit-Demo.app */;
			productType = "com.apple.product-type.application";
		};
/* End PBXNativeTarget section */

/* Begin PBXProject section */
		4B959AEF2764F7180003FFB6 /* Project object */ = {
			isa = PBXProject;
			attributes = {
				BuildIndependentTargetsInParallel = 1;
				LastSwiftUpdateCheck = 1320;
				LastUpgradeCheck = 1320;
				TargetAttributes = {
					4B959B052764F77E0003FFB6 = {
						CreatedOnToolsVersion = 13.2;
					};
				};
			};
			buildConfigurationList = 4B959AF22764F7180003FFB6 /* Build configuration list for PBXProject "CompositionKit" */;
			compatibilityVersion = "Xcode 13.0";
			developmentRegion = en;
			hasScannedForEncodings = 0;
			knownRegions = (
				en,
				Base,
			);
			mainGroup = 4B959AEE2764F7180003FFB6;
			packageReferences = (
				4B959B292764F8620003FFB6 /* XCRemoteSwiftPackageReference "MondrianLayout" */,
				4BF6ED5E2770692600E39ABC /* XCRemoteSwiftPackageReference "Wrap" */,
				4BF0DA272770733B007AA8F4 /* XCRemoteSwiftPackageReference "MockKit" */,
				4BF0DA2A277073D8007AA8F4 /* XCRemoteSwiftPackageReference "Ne" */,
				4B70998B2856EB7B00BAE257 /* XCRemoteSwiftPackageReference "Storybook-ios" */,
			);
			productRefGroup = 4B959AF92764F7180003FFB6 /* Products */;
			projectDirPath = "";
			projectRoot = "";
			targets = (
				4B959B052764F77E0003FFB6 /* CompositionKit-Demo */,
			);
		};
/* End PBXProject section */

/* Begin PBXResourcesBuildPhase section */
		4B959B042764F77E0003FFB6 /* Resources */ = {
			isa = PBXResourcesBuildPhase;
			buildActionMask = 2147483647;
			files = (
				4B959B152764F77F0003FFB6 /* LaunchScreen.storyboard in Resources */,
				4B959B122764F77F0003FFB6 /* Assets.xcassets in Resources */,
			);
			runOnlyForDeploymentPostprocessing = 0;
		};
/* End PBXResourcesBuildPhase section */

/* Begin PBXSourcesBuildPhase section */
		4B959B022764F77E0003FFB6 /* Sources */ = {
			isa = PBXSourcesBuildPhase;
			buildActionMask = 2147483647;
			files = (
				4B959B0D2764F77E0003FFB6 /* ViewController.swift in Sources */,
				4B959B092764F77E0003FFB6 /* AppDelegate.swift in Sources */,
				4BC61D2628523B3C00354E61 /* Book.HostingView.swift in Sources */,
				4BEF735D2859BBB100A36665 /* Book.DynamicAnimator.swift in Sources */,
				4B959B222764F8300003FFB6 /* RootContainerViewController.swift in Sources */,
				4B959B202764F8200003FFB6 /* Book.swift in Sources */,
				4B618C2B277062EF000EA3A4 /* Book.NavigationHostingView.swift in Sources */,
				4BF6ED6227706EE000E39ABC /* UIControl+Closure.swift in Sources */,
			);
			runOnlyForDeploymentPostprocessing = 0;
		};
/* End PBXSourcesBuildPhase section */

/* Begin PBXVariantGroup section */
		4B959B132764F77F0003FFB6 /* LaunchScreen.storyboard */ = {
			isa = PBXVariantGroup;
			children = (
				4B959B142764F77F0003FFB6 /* Base */,
			);
			name = LaunchScreen.storyboard;
			sourceTree = "<group>";
		};
/* End PBXVariantGroup section */

/* Begin XCBuildConfiguration section */
		4B959AFD2764F7180003FFB6 /* Debug */ = {
			isa = XCBuildConfiguration;
			buildSettings = {
				ALWAYS_SEARCH_USER_PATHS = NO;
				CLANG_ANALYZER_NONNULL = YES;
				CLANG_ANALYZER_NUMBER_OBJECT_CONVERSION = YES_AGGRESSIVE;
				CLANG_CXX_LANGUAGE_STANDARD = "gnu++17";
				CLANG_CXX_LIBRARY = "libc++";
				CLANG_ENABLE_MODULES = YES;
				CLANG_ENABLE_OBJC_ARC = YES;
				CLANG_ENABLE_OBJC_WEAK = YES;
				CLANG_WARN_BLOCK_CAPTURE_AUTORELEASING = YES;
				CLANG_WARN_BOOL_CONVERSION = YES;
				CLANG_WARN_COMMA = YES;
				CLANG_WARN_CONSTANT_CONVERSION = YES;
				CLANG_WARN_DEPRECATED_OBJC_IMPLEMENTATIONS = YES;
				CLANG_WARN_DIRECT_OBJC_ISA_USAGE = YES_ERROR;
				CLANG_WARN_DOCUMENTATION_COMMENTS = YES;
				CLANG_WARN_EMPTY_BODY = YES;
				CLANG_WARN_ENUM_CONVERSION = YES;
				CLANG_WARN_INFINITE_RECURSION = YES;
				CLANG_WARN_INT_CONVERSION = YES;
				CLANG_WARN_NON_LITERAL_NULL_CONVERSION = YES;
				CLANG_WARN_OBJC_IMPLICIT_RETAIN_SELF = YES;
				CLANG_WARN_OBJC_LITERAL_CONVERSION = YES;
				CLANG_WARN_OBJC_ROOT_CLASS = YES_ERROR;
				CLANG_WARN_QUOTED_INCLUDE_IN_FRAMEWORK_HEADER = YES;
				CLANG_WARN_RANGE_LOOP_ANALYSIS = YES;
				CLANG_WARN_STRICT_PROTOTYPES = YES;
				CLANG_WARN_SUSPICIOUS_MOVE = YES;
				CLANG_WARN_UNGUARDED_AVAILABILITY = YES_AGGRESSIVE;
				CLANG_WARN_UNREACHABLE_CODE = YES;
				CLANG_WARN__DUPLICATE_METHOD_MATCH = YES;
				COPY_PHASE_STRIP = NO;
				CURRENT_PROJECT_VERSION = 1;
				DEBUG_INFORMATION_FORMAT = dwarf;
				ENABLE_STRICT_OBJC_MSGSEND = YES;
				ENABLE_TESTABILITY = YES;
				GCC_C_LANGUAGE_STANDARD = gnu11;
				GCC_DYNAMIC_NO_PIC = NO;
				GCC_NO_COMMON_BLOCKS = YES;
				GCC_OPTIMIZATION_LEVEL = 0;
				GCC_PREPROCESSOR_DEFINITIONS = (
					"DEBUG=1",
					"$(inherited)",
				);
				GCC_WARN_64_TO_32_BIT_CONVERSION = YES;
				GCC_WARN_ABOUT_RETURN_TYPE = YES_ERROR;
				GCC_WARN_UNDECLARED_SELECTOR = YES;
				GCC_WARN_UNINITIALIZED_AUTOS = YES_AGGRESSIVE;
				GCC_WARN_UNUSED_FUNCTION = YES;
				GCC_WARN_UNUSED_VARIABLE = YES;
				IPHONEOS_DEPLOYMENT_TARGET = 12.0;
				MTL_ENABLE_DEBUG_INFO = INCLUDE_SOURCE;
				MTL_FAST_MATH = YES;
				ONLY_ACTIVE_ARCH = YES;
				SDKROOT = iphoneos;
				SWIFT_ACTIVE_COMPILATION_CONDITIONS = DEBUG;
				SWIFT_OPTIMIZATION_LEVEL = "-Onone";
				VERSIONING_SYSTEM = "apple-generic";
				VERSION_INFO_PREFIX = "";
			};
			name = Debug;
		};
		4B959AFE2764F7180003FFB6 /* Release */ = {
			isa = XCBuildConfiguration;
			buildSettings = {
				ALWAYS_SEARCH_USER_PATHS = NO;
				CLANG_ANALYZER_NONNULL = YES;
				CLANG_ANALYZER_NUMBER_OBJECT_CONVERSION = YES_AGGRESSIVE;
				CLANG_CXX_LANGUAGE_STANDARD = "gnu++17";
				CLANG_CXX_LIBRARY = "libc++";
				CLANG_ENABLE_MODULES = YES;
				CLANG_ENABLE_OBJC_ARC = YES;
				CLANG_ENABLE_OBJC_WEAK = YES;
				CLANG_WARN_BLOCK_CAPTURE_AUTORELEASING = YES;
				CLANG_WARN_BOOL_CONVERSION = YES;
				CLANG_WARN_COMMA = YES;
				CLANG_WARN_CONSTANT_CONVERSION = YES;
				CLANG_WARN_DEPRECATED_OBJC_IMPLEMENTATIONS = YES;
				CLANG_WARN_DIRECT_OBJC_ISA_USAGE = YES_ERROR;
				CLANG_WARN_DOCUMENTATION_COMMENTS = YES;
				CLANG_WARN_EMPTY_BODY = YES;
				CLANG_WARN_ENUM_CONVERSION = YES;
				CLANG_WARN_INFINITE_RECURSION = YES;
				CLANG_WARN_INT_CONVERSION = YES;
				CLANG_WARN_NON_LITERAL_NULL_CONVERSION = YES;
				CLANG_WARN_OBJC_IMPLICIT_RETAIN_SELF = YES;
				CLANG_WARN_OBJC_LITERAL_CONVERSION = YES;
				CLANG_WARN_OBJC_ROOT_CLASS = YES_ERROR;
				CLANG_WARN_QUOTED_INCLUDE_IN_FRAMEWORK_HEADER = YES;
				CLANG_WARN_RANGE_LOOP_ANALYSIS = YES;
				CLANG_WARN_STRICT_PROTOTYPES = YES;
				CLANG_WARN_SUSPICIOUS_MOVE = YES;
				CLANG_WARN_UNGUARDED_AVAILABILITY = YES_AGGRESSIVE;
				CLANG_WARN_UNREACHABLE_CODE = YES;
				CLANG_WARN__DUPLICATE_METHOD_MATCH = YES;
				COPY_PHASE_STRIP = NO;
				CURRENT_PROJECT_VERSION = 1;
				DEBUG_INFORMATION_FORMAT = "dwarf-with-dsym";
				ENABLE_NS_ASSERTIONS = NO;
				ENABLE_STRICT_OBJC_MSGSEND = YES;
				GCC_C_LANGUAGE_STANDARD = gnu11;
				GCC_NO_COMMON_BLOCKS = YES;
				GCC_WARN_64_TO_32_BIT_CONVERSION = YES;
				GCC_WARN_ABOUT_RETURN_TYPE = YES_ERROR;
				GCC_WARN_UNDECLARED_SELECTOR = YES;
				GCC_WARN_UNINITIALIZED_AUTOS = YES_AGGRESSIVE;
				GCC_WARN_UNUSED_FUNCTION = YES;
				GCC_WARN_UNUSED_VARIABLE = YES;
				IPHONEOS_DEPLOYMENT_TARGET = 12.0;
				MTL_ENABLE_DEBUG_INFO = NO;
				MTL_FAST_MATH = YES;
				SDKROOT = iphoneos;
				SWIFT_COMPILATION_MODE = wholemodule;
				SWIFT_OPTIMIZATION_LEVEL = "-O";
				VALIDATE_PRODUCT = YES;
				VERSIONING_SYSTEM = "apple-generic";
				VERSION_INFO_PREFIX = "";
			};
			name = Release;
		};
		4B959B182764F77F0003FFB6 /* Debug */ = {
			isa = XCBuildConfiguration;
			buildSettings = {
				ASSETCATALOG_COMPILER_APPICON_NAME = AppIcon;
				ASSETCATALOG_COMPILER_GLOBAL_ACCENT_COLOR_NAME = AccentColor;
				CODE_SIGN_STYLE = Automatic;
				CURRENT_PROJECT_VERSION = 1;
				DEVELOPMENT_TEAM = JX92XL88RZ;
				GENERATE_INFOPLIST_FILE = YES;
				INFOPLIST_KEY_UIApplicationSupportsIndirectInputEvents = YES;
				INFOPLIST_KEY_UILaunchStoryboardName = LaunchScreen;
				INFOPLIST_KEY_UISupportedInterfaceOrientations_iPad = "UIInterfaceOrientationPortrait UIInterfaceOrientationPortraitUpsideDown UIInterfaceOrientationLandscapeLeft UIInterfaceOrientationLandscapeRight";
				INFOPLIST_KEY_UISupportedInterfaceOrientations_iPhone = "UIInterfaceOrientationPortrait UIInterfaceOrientationLandscapeLeft UIInterfaceOrientationLandscapeRight";
				IPHONEOS_DEPLOYMENT_TARGET = 12.0;
				LD_RUNPATH_SEARCH_PATHS = (
					"$(inherited)",
					"@executable_path/Frameworks",
				);
				MARKETING_VERSION = 1.0;
				PRODUCT_BUNDLE_IDENTIFIER = "app.muukii.CompositionKit-Demo";
				PRODUCT_NAME = "$(TARGET_NAME)";
				SWIFT_EMIT_LOC_STRINGS = YES;
				SWIFT_VERSION = 5.0;
				TARGETED_DEVICE_FAMILY = "1,2";
			};
			name = Debug;
		};
		4B959B192764F77F0003FFB6 /* Release */ = {
			isa = XCBuildConfiguration;
			buildSettings = {
				ASSETCATALOG_COMPILER_APPICON_NAME = AppIcon;
				ASSETCATALOG_COMPILER_GLOBAL_ACCENT_COLOR_NAME = AccentColor;
				CODE_SIGN_STYLE = Automatic;
				CURRENT_PROJECT_VERSION = 1;
				DEVELOPMENT_TEAM = JX92XL88RZ;
				GENERATE_INFOPLIST_FILE = YES;
				INFOPLIST_KEY_UIApplicationSupportsIndirectInputEvents = YES;
				INFOPLIST_KEY_UILaunchStoryboardName = LaunchScreen;
				INFOPLIST_KEY_UISupportedInterfaceOrientations_iPad = "UIInterfaceOrientationPortrait UIInterfaceOrientationPortraitUpsideDown UIInterfaceOrientationLandscapeLeft UIInterfaceOrientationLandscapeRight";
				INFOPLIST_KEY_UISupportedInterfaceOrientations_iPhone = "UIInterfaceOrientationPortrait UIInterfaceOrientationLandscapeLeft UIInterfaceOrientationLandscapeRight";
				IPHONEOS_DEPLOYMENT_TARGET = 12.0;
				LD_RUNPATH_SEARCH_PATHS = (
					"$(inherited)",
					"@executable_path/Frameworks",
				);
				MARKETING_VERSION = 1.0;
				PRODUCT_BUNDLE_IDENTIFIER = "app.muukii.CompositionKit-Demo";
				PRODUCT_NAME = "$(TARGET_NAME)";
				SWIFT_EMIT_LOC_STRINGS = YES;
				SWIFT_VERSION = 5.0;
				TARGETED_DEVICE_FAMILY = "1,2";
			};
			name = Release;
		};
/* End XCBuildConfiguration section */

/* Begin XCConfigurationList section */
		4B959AF22764F7180003FFB6 /* Build configuration list for PBXProject "CompositionKit" */ = {
			isa = XCConfigurationList;
			buildConfigurations = (
				4B959AFD2764F7180003FFB6 /* Debug */,
				4B959AFE2764F7180003FFB6 /* Release */,
			);
			defaultConfigurationIsVisible = 0;
			defaultConfigurationName = Release;
		};
		4B959B172764F77F0003FFB6 /* Build configuration list for PBXNativeTarget "CompositionKit-Demo" */ = {
			isa = XCConfigurationList;
			buildConfigurations = (
				4B959B182764F77F0003FFB6 /* Debug */,
				4B959B192764F77F0003FFB6 /* Release */,
			);
			defaultConfigurationIsVisible = 0;
			defaultConfigurationName = Release;
		};
/* End XCConfigurationList section */

/* Begin XCRemoteSwiftPackageReference section */
		4B70998B2856EB7B00BAE257 /* XCRemoteSwiftPackageReference "Storybook-ios" */ = {
			isa = XCRemoteSwiftPackageReference;
			repositoryURL = "https://github.com/eure/Storybook-ios";
			requirement = {
				branch = main;
				kind = branch;
			};
		};
		4B959B292764F8620003FFB6 /* XCRemoteSwiftPackageReference "MondrianLayout" */ = {
			isa = XCRemoteSwiftPackageReference;
			repositoryURL = "https://github.com/muukii/MondrianLayout.git";
			requirement = {
				kind = upToNextMajorVersion;
				minimumVersion = 0.5.0;
			};
		};
		4BF0DA272770733B007AA8F4 /* XCRemoteSwiftPackageReference "MockKit" */ = {
			isa = XCRemoteSwiftPackageReference;
			repositoryURL = "https://github.com/muukii/MockKit.git";
			requirement = {
				branch = main;
				kind = branch;
			};
		};
		4BF0DA2A277073D8007AA8F4 /* XCRemoteSwiftPackageReference "Ne" */ = {
			isa = XCRemoteSwiftPackageReference;
			repositoryURL = "https://github.com/muukii/Ne.git";
			requirement = {
				kind = upToNextMajorVersion;
				minimumVersion = 1.0.0;
			};
		};
		4BF6ED5E2770692600E39ABC /* XCRemoteSwiftPackageReference "Wrap" */ = {
			isa = XCRemoteSwiftPackageReference;
			repositoryURL = "https://github.com/VergeGroup/Wrap.git";
			requirement = {
				branch = main;
				kind = branch;
			};
		};
/* End XCRemoteSwiftPackageReference section */

/* Begin XCSwiftPackageProductDependency section */
		4B70998C2856EB7B00BAE257 /* StorybookKit */ = {
			isa = XCSwiftPackageProductDependency;
			package = 4B70998B2856EB7B00BAE257 /* XCRemoteSwiftPackageReference "Storybook-ios" */;
			productName = StorybookKit;
		};
		4B70998E2856EB7B00BAE257 /* StorybookUI */ = {
			isa = XCSwiftPackageProductDependency;
			package = 4B70998B2856EB7B00BAE257 /* XCRemoteSwiftPackageReference "Storybook-ios" */;
			productName = StorybookUI;
		};
		4B7803C02780455300436AAB /* CompositionKit */ = {
			isa = XCSwiftPackageProductDependency;
			productName = CompositionKit;
		};
		4BF0DA282770733B007AA8F4 /* MockKit */ = {
			isa = XCSwiftPackageProductDependency;
			package = 4BF0DA272770733B007AA8F4 /* XCRemoteSwiftPackageReference "MockKit" */;
			productName = MockKit;
		};
		4BF0DA2B277073D8007AA8F4 /* Ne */ = {
			isa = XCSwiftPackageProductDependency;
			package = 4BF0DA2A277073D8007AA8F4 /* XCRemoteSwiftPackageReference "Ne" */;
			productName = Ne;
		};
		4BF6ED5F2770692600E39ABC /* Wrap */ = {
			isa = XCSwiftPackageProductDependency;
			package = 4BF6ED5E2770692600E39ABC /* XCRemoteSwiftPackageReference "Wrap" */;
			productName = Wrap;
		};
/* End XCSwiftPackageProductDependency section */
	};
	rootObject = 4B959AEF2764F7180003FFB6 /* Project object */;
}
